
Microsoft Visual Studio Solution File, Format Version 12.00
# Visual Studio Version 17
VisualStudioVersion = 17.4.33122.133
MinimumVisualStudioVersion = 10.0.40219.1
Project("{9A19103F-16F7-4668-BE54-9A1E7A4F7556}") = "_Crawler", "_Crawler\_Crawler.csproj", "{61FE9048-ABD6-4460-987A-4BA78782435D}"
EndProject
Project("{FAE04EC0-301F-11D3-BF4B-00C04F79EFBC}") = "_Elastic", "_Elastic\_Elastic.csproj", "{E19C9673-442D-41F6-96F8-39D1F9BE5B22}"
EndProject
Global
	GlobalSection(SolutionConfigurationPlatforms) = preSolution
		Debug|Any CPU = Debug|Any CPU
		Release|Any CPU = Release|Any CPU
	EndGlobalSection
	GlobalSection(ProjectConfigurationPlatforms) = postSolution
		{61FE9048-ABD6-4460-987A-4BA78782435D}.Debug|Any CPU.ActiveCfg = Debug|Any CPU
		{61FE9048-ABD6-4460-987A-4BA78782435D}.Debug|Any CPU.Build.0 = Debug|Any CPU
		{61FE9048-ABD6-4460-987A-4BA78782435D}.Release|Any CPU.ActiveCfg = Release|Any CPU
		{61FE9048-ABD6-4460-987A-4BA78782435D}.Release|Any CPU.Build.0 = Release|Any CPU
		{E19C9673-442D-41F6-96F8-39D1F9BE5B22}.Debug|Any CPU.ActiveCfg = Debug|Any CPU
		{E19C9673-442D-41F6-96F8-39D1F9BE5B22}.Debug|Any CPU.Build.0 = Debug|Any CPU
		{E19C9673-442D-41F6-96F8-39D1F9BE5B22}.Release|Any CPU.ActiveCfg = Release|Any CPU
		{E19C9673-442D-41F6-96F8-39D1F9BE5B22}.Release|Any CPU.Build.0 = Release|Any CPU
	EndGlobalSection
	GlobalSection(SolutionProperties) = preSolution
		HideSolutionNode = FALSE
	EndGlobalSection
	GlobalSection(ExtensibilityGlobals) = postSolution
		SolutionGuid = {7F17BC5B-19BD-4368-B3B6-0C2747D51B59}
	EndGlobalSection
EndGlobal
